// !$*UTF8*$!
{
	archiveVersion = 1;
	classes = {
	};
	objectVersion = 46;
	objects = {

/* Begin PBXBuildFile section */
		23121B061987197A009D99D8 /* Foundation.framework in Frameworks */ = {isa = PBXBuildFile; fileRef = 23121B051987197A009D99D8 /* Foundation.framework */; };
		23121B081987197A009D99D8 /* CoreGraphics.framework in Frameworks */ = {isa = PBXBuildFile; fileRef = 23121B071987197A009D99D8 /* CoreGraphics.framework */; };
		23121B0A1987197A009D99D8 /* UIKit.framework in Frameworks */ = {isa = PBXBuildFile; fileRef = 23121B091987197A009D99D8 /* UIKit.framework */; };
		23121B101987197A009D99D8 /* InfoPlist.strings in Resources */ = {isa = PBXBuildFile; fileRef = 23121B0E1987197A009D99D8 /* InfoPlist.strings */; };
		23121B121987197A009D99D8 /* main.m in Sources */ = {isa = PBXBuildFile; fileRef = 23121B111987197A009D99D8 /* main.m */; };
		23121B161987197A009D99D8 /* BNRAppDelegate.m in Sources */ = {isa = PBXBuildFile; fileRef = 23121B151987197A009D99D8 /* BNRAppDelegate.m */; };
		23121B181987197A009D99D8 /* Images.xcassets in Resources */ = {isa = PBXBuildFile; fileRef = 23121B171987197A009D99D8 /* Images.xcassets */; };
		23121B1F1987197A009D99D8 /* XCTest.framework in Frameworks */ = {isa = PBXBuildFile; fileRef = 23121B1E1987197A009D99D8 /* XCTest.framework */; };
		23121B201987197A009D99D8 /* Foundation.framework in Frameworks */ = {isa = PBXBuildFile; fileRef = 23121B051987197A009D99D8 /* Foundation.framework */; };
		23121B211987197A009D99D8 /* UIKit.framework in Frameworks */ = {isa = PBXBuildFile; fileRef = 23121B091987197A009D99D8 /* UIKit.framework */; };
		23121B291987197A009D99D8 /* InfoPlist.strings in Resources */ = {isa = PBXBuildFile; fileRef = 23121B271987197A009D99D8 /* InfoPlist.strings */; };
		23121B2B1987197A009D99D8 /* HypnoNerdTests.m in Sources */ = {isa = PBXBuildFile; fileRef = 23121B2A1987197A009D99D8 /* HypnoNerdTests.m */; };
/* End PBXBuildFile section */

/* Begin PBXContainerItemProxy section */
		23121B221987197A009D99D8 /* PBXContainerItemProxy */ = {
			isa = PBXContainerItemProxy;
			containerPortal = 23121AFA1987197A009D99D8 /* Project object */;
			proxyType = 1;
			remoteGlobalIDString = 23121B011987197A009D99D8;
			remoteInfo = HypnoNerd;
		};
/* End PBXContainerItemProxy section */

/* Begin PBXFileReference section */
		23121B021987197A009D99D8 /* HypnoNerd.app */ = {isa = PBXFileReference; explicitFileType = wrapper.application; includeInIndex = 0; path = HypnoNerd.app; sourceTree = BUILT_PRODUCTS_DIR; };
		23121B051987197A009D99D8 /* Foundation.framework */ = {isa = PBXFileReference; lastKnownFileType = wrapper.framework; name = Foundation.framework; path = System/Library/Frameworks/Foundation.framework; sourceTree = SDKROOT; };
		23121B071987197A009D99D8 /* CoreGraphics.framework */ = {isa = PBXFileReference; lastKnownFileType = wrapper.framework; name = CoreGraphics.framework; path = System/Library/Frameworks/CoreGraphics.framework; sourceTree = SDKROOT; };
		23121B091987197A009D99D8 /* UIKit.framework */ = {isa = PBXFileReference; lastKnownFileType = wrapper.framework; name = UIKit.framework; path = System/Library/Frameworks/UIKit.framework; sourceTree = SDKROOT; };
		23121B0D1987197A009D99D8 /* HypnoNerd-Info.plist */ = {isa = PBXFileReference; lastKnownFileType = text.plist.xml; path = "HypnoNerd-Info.plist"; sourceTree = "<group>"; };
		23121B0F1987197A009D99D8 /* en */ = {isa = PBXFileReference; lastKnownFileType = text.plist.strings; name = en; path = en.lproj/InfoPlist.strings; sourceTree = "<group>"; };
		23121B111987197A009D99D8 /* main.m */ = {isa = PBXFileReference; lastKnownFileType = sourcecode.c.objc; path = main.m; sourceTree = "<group>"; };
		23121B131987197A009D99D8 /* HypnoNerd-Prefix.pch */ = {isa = PBXFileReference; lastKnownFileType = sourcecode.c.h; path = "HypnoNerd-Prefix.pch"; sourceTree = "<group>"; };
		23121B141987197A009D99D8 /* BNRAppDelegate.h */ = {isa = PBXFileReference; lastKnownFileType = sourcecode.c.h; path = BNRAppDelegate.h; sourceTree = "<group>"; };
		23121B151987197A009D99D8 /* BNRAppDelegate.m */ = {isa = PBXFileReference; lastKnownFileType = sourcecode.c.objc; path = BNRAppDelegate.m; sourceTree = "<group>"; };
		23121B171987197A009D99D8 /* Images.xcassets */ = {isa = PBXFileReference; lastKnownFileType = folder.assetcatalog; path = Images.xcassets; sourceTree = "<group>"; };
		23121B1D1987197A009D99D8 /* HypnoNerdTests.xctest */ = {isa = PBXFileReference; explicitFileType = wrapper.cfbundle; includeInIndex = 0; path = HypnoNerdTests.xctest; sourceTree = BUILT_PRODUCTS_DIR; };
		23121B1E1987197A009D99D8 /* XCTest.framework */ = {isa = PBXFileReference; lastKnownFileType = wrapper.framework; name = XCTest.framework; path = Library/Frameworks/XCTest.framework; sourceTree = DEVELOPER_DIR; };
		23121B261987197A009D99D8 /* HypnoNerdTests-Info.plist */ = {isa = PBXFileReference; lastKnownFileType = text.plist.xml; path = "HypnoNerdTests-Info.plist"; sourceTree = "<group>"; };
		23121B281987197A009D99D8 /* en */ = {isa = PBXFileReference; lastKnownFileType = text.plist.strings; name = en; path = en.lproj/InfoPlist.strings; sourceTree = "<group>"; };
		23121B2A1987197A009D99D8 /* HypnoNerdTests.m */ = {isa = PBXFileReference; lastKnownFileType = sourcecode.c.objc; path = HypnoNerdTests.m; sourceTree = "<group>"; };
/* End PBXFileReference section */

/* Begin PBXFrameworksBuildPhase section */
		23121AFF1987197A009D99D8 /* Frameworks */ = {
			isa = PBXFrameworksBuildPhase;
			buildActionMask = 2147483647;
			files = (
				23121B081987197A009D99D8 /* CoreGraphics.framework in Frameworks */,
				23121B0A1987197A009D99D8 /* UIKit.framework in Frameworks */,
				23121B061987197A009D99D8 /* Foundation.framework in Frameworks */,
			);
			runOnlyForDeploymentPostprocessing = 0;
		};
		23121B1A1987197A009D99D8 /* Frameworks */ = {
			isa = PBXFrameworksBuildPhase;
			buildActionMask = 2147483647;
			files = (
				23121B1F1987197A009D99D8 /* XCTest.framework in Frameworks */,
				23121B211987197A009D99D8 /* UIKit.framework in Frameworks */,
				23121B201987197A009D99D8 /* Foundation.framework in Frameworks */,
			);
			runOnlyForDeploymentPostprocessing = 0;
		};
/* End PBXFrameworksBuildPhase section */

/* Begin PBXGroup section */
		23121AF91987197A009D99D8 = {
			isa = PBXGroup;
			children = (
				23121B0B1987197A009D99D8 /* HypnoNerd */,
				23121B241987197A009D99D8 /* HypnoNerdTests */,
				23121B041987197A009D99D8 /* Frameworks */,
				23121B031987197A009D99D8 /* Products */,
			);
			sourceTree = "<group>";
		};
		23121B031987197A009D99D8 /* Products */ = {
			isa = PBXGroup;
			children = (
				23121B021987197A009D99D8 /* HypnoNerd.app */,
				23121B1D1987197A009D99D8 /* HypnoNerdTests.xctest */,
			);
			name = Products;
			sourceTree = "<group>";
		};
		23121B041987197A009D99D8 /* Frameworks */ = {
			isa = PBXGroup;
			children = (
				23121B051987197A009D99D8 /* Foundation.framework */,
				23121B071987197A009D99D8 /* CoreGraphics.framework */,
				23121B091987197A009D99D8 /* UIKit.framework */,
				23121B1E1987197A009D99D8 /* XCTest.framework */,
			);
			name = Frameworks;
			sourceTree = "<group>";
		};
		23121B0B1987197A009D99D8 /* HypnoNerd */ = {
			isa = PBXGroup;
			children = (
				23121B141987197A009D99D8 /* BNRAppDelegate.h */,
				23121B151987197A009D99D8 /* BNRAppDelegate.m */,
				23121B171987197A009D99D8 /* Images.xcassets */,
				23121B0C1987197A009D99D8 /* Supporting Files */,
			);
			path = HypnoNerd;
			sourceTree = "<group>";
		};
		23121B0C1987197A009D99D8 /* Supporting Files */ = {
			isa = PBXGroup;
			children = (
				23121B0D1987197A009D99D8 /* HypnoNerd-Info.plist */,
				23121B0E1987197A009D99D8 /* InfoPlist.strings */,
				23121B111987197A009D99D8 /* main.m */,
				23121B131987197A009D99D8 /* HypnoNerd-Prefix.pch */,
			);
			name = "Supporting Files";
			sourceTree = "<group>";
		};
		23121B241987197A009D99D8 /* HypnoNerdTests */ = {
			isa = PBXGroup;
			children = (
				23121B2A1987197A009D99D8 /* HypnoNerdTests.m */,
				23121B251987197A009D99D8 /* Supporting Files */,
			);
			path = HypnoNerdTests;
			sourceTree = "<group>";
		};
		23121B251987197A009D99D8 /* Supporting Files */ = {
			isa = PBXGroup;
			children = (
				23121B261987197A009D99D8 /* HypnoNerdTests-Info.plist */,
				23121B271987197A009D99D8 /* InfoPlist.strings */,
			);
			name = "Supporting Files";
			sourceTree = "<group>";
		};
/* End PBXGroup section */

/* Begin PBXNativeTarget section */
		23121B011987197A009D99D8 /* HypnoNerd */ = {
			isa = PBXNativeTarget;
			buildConfigurationList = 23121B2E1987197A009D99D8 /* Build configuration list for PBXNativeTarget "HypnoNerd" */;
			buildPhases = (
				23121AFE1987197A009D99D8 /* Sources */,
				23121AFF1987197A009D99D8 /* Frameworks */,
				23121B001987197A009D99D8 /* Resources */,
			);
			buildRules = (
			);
			dependencies = (
			);
			name = HypnoNerd;
			productName = HypnoNerd;
			productReference = 23121B021987197A009D99D8 /* HypnoNerd.app */;
			productType = "com.apple.product-type.application";
		};
		23121B1C1987197A009D99D8 /* HypnoNerdTests */ = {
			isa = PBXNativeTarget;
			buildConfigurationList = 23121B311987197A009D99D8 /* Build configuration list for PBXNativeTarget "HypnoNerdTests" */;
			buildPhases = (
				23121B191987197A009D99D8 /* Sources */,
				23121B1A1987197A009D99D8 /* Frameworks */,
				23121B1B1987197A009D99D8 /* Resources */,
			);
			buildRules = (
			);
			dependencies = (
				23121B231987197A009D99D8 /* PBXTargetDependency */,
			);
			name = HypnoNerdTests;
			productName = HypnoNerdTests;
			productReference = 23121B1D1987197A009D99D8 /* HypnoNerdTests.xctest */;
			productType = "com.apple.product-type.bundle.unit-test";
		};
/* End PBXNativeTarget section */

/* Begin PBXProject section */
		23121AFA1987197A009D99D8 /* Project object */ = {
			isa = PBXProject;
			attributes = {
				CLASSPREFIX = BNR;
				LastUpgradeCheck = 0510;
				ORGANIZATIONNAME = "Sujay's Dev Center";
				TargetAttributes = {
					23121B1C1987197A009D99D8 = {
						TestTargetID = 23121B011987197A009D99D8;
					};
				};
			};
			buildConfigurationList = 23121AFD1987197A009D99D8 /* Build configuration list for PBXProject "HypnoNerd" */;
			compatibilityVersion = "Xcode 3.2";
			developmentRegion = English;
			hasScannedForEncodings = 0;
			knownRegions = (
				en,
			);
			mainGroup = 23121AF91987197A009D99D8;
			productRefGroup = 23121B031987197A009D99D8 /* Products */;
			projectDirPath = "";
			projectRoot = "";
			targets = (
				23121B011987197A009D99D8 /* HypnoNerd */,
				23121B1C1987197A009D99D8 /* HypnoNerdTests */,
			);
		};
/* End PBXProject section */

/* Begin PBXResourcesBuildPhase section */
		23121B001987197A009D99D8 /* Resources */ = {
			isa = PBXResourcesBuildPhase;
			buildActionMask = 2147483647;
			files = (
				23121B101987197A009D99D8 /* InfoPlist.strings in Resources */,
				23121B181987197A009D99D8 /* Images.xcassets in Resources */,
			);
			runOnlyForDeploymentPostprocessing = 0;
		};
		23121B1B1987197A009D99D8 /* Resources */ = {
			isa = PBXResourcesBuildPhase;
			buildActionMask = 2147483647;
			files = (
				23121B291987197A009D99D8 /* InfoPlist.strings in Resources */,
			);
			runOnlyForDeploymentPostprocessing = 0;
		};
/* End PBXResourcesBuildPhase section */

/* Begin PBXSourcesBuildPhase section */
		23121AFE1987197A009D99D8 /* Sources */ = {
			isa = PBXSourcesBuildPhase;
			buildActionMask = 2147483647;
			files = (
				23121B121987197A009D99D8 /* main.m in Sources */,
				23121B161987197A009D99D8 /* BNRAppDelegate.m in Sources */,
			);
			runOnlyForDeploymentPostprocessing = 0;
		};
		23121B191987197A009D99D8 /* Sources */ = {
			isa = PBXSourcesBuildPhase;
			buildActionMask = 2147483647;
			files = (
				23121B2B1987197A009D99D8 /* HypnoNerdTests.m in Sources */,
			);
			runOnlyForDeploymentPostprocessing = 0;
		};
/* End PBXSourcesBuildPhase section */

/* Begin PBXTargetDependency section */
		23121B231987197A009D99D8 /* PBXTargetDependency */ = {
			isa = PBXTargetDependency;
			target = 23121B011987197A009D99D8 /* HypnoNerd */;
			targetProxy = 23121B221987197A009D99D8 /* PBXContainerItemProxy */;
		};
/* End PBXTargetDependency section */

/* Begin PBXVariantGroup section */
		23121B0E1987197A009D99D8 /* InfoPlist.strings */ = {
			isa = PBXVariantGroup;
			children = (
				23121B0F1987197A009D99D8 /* en */,
			);
			name = InfoPlist.strings;
			sourceTree = "<group>";
		};
		23121B271987197A009D99D8 /* InfoPlist.strings */ = {
			isa = PBXVariantGroup;
			children = (
				23121B281987197A009D99D8 /* en */,
			);
			name = InfoPlist.strings;
			sourceTree = "<group>";
		};
/* End PBXVariantGroup section */

/* Begin XCBuildConfiguration section */
		23121B2C1987197A009D99D8 /* Debug */ = {
			isa = XCBuildConfiguration;
			buildSettings = {
				ALWAYS_SEARCH_USER_PATHS = NO;
				CLANG_CXX_LANGUAGE_STANDARD = "gnu++0x";
				CLANG_CXX_LIBRARY = "libc++";
				CLANG_ENABLE_MODULES = YES;
				CLANG_ENABLE_OBJC_ARC = YES;
				CLANG_WARN_BOOL_CONVERSION = YES;
				CLANG_WARN_CONSTANT_CONVERSION = YES;
				CLANG_WARN_DIRECT_OBJC_ISA_USAGE = YES_ERROR;
				CLANG_WARN_EMPTY_BODY = YES;
				CLANG_WARN_ENUM_CONVERSION = YES;
				CLANG_WARN_INT_CONVERSION = YES;
				CLANG_WARN_OBJC_ROOT_CLASS = YES_ERROR;
				CLANG_WARN__DUPLICATE_METHOD_MATCH = YES;
				"CODE_SIGN_IDENTITY[sdk=iphoneos*]" = "iPhone Developer";
				COPY_PHASE_STRIP = NO;
				GCC_C_LANGUAGE_STANDARD = gnu99;
				GCC_DYNAMIC_NO_PIC = NO;
				GCC_OPTIMIZATION_LEVEL = 0;
				GCC_PREPROCESSOR_DEFINITIONS = (
					"DEBUG=1",
					"$(inherited)",
				);
				GCC_SYMBOLS_PRIVATE_EXTERN = NO;
				GCC_WARN_64_TO_32_BIT_CONVERSION = YES;
				GCC_WARN_ABOUT_RETURN_TYPE = YES_ERROR;
				GCC_WARN_UNDECLARED_SELECTOR = YES;
				GCC_WARN_UNINITIALIZED_AUTOS = YES_AGGRESSIVE;
				GCC_WARN_UNUSED_FUNCTION = YES;
				GCC_WARN_UNUSED_VARIABLE = YES;
				IPHONEOS_DEPLOYMENT_TARGET = 7.1;
				ONLY_ACTIVE_ARCH = YES;
				SDKROOT = iphoneos;
			};
			name = Debug;
		};
		23121B2D1987197A009D99D8 /* Release */ = {
			isa = XCBuildConfiguration;
			buildSettings = {
				ALWAYS_SEARCH_USER_PATHS = NO;
				CLANG_CXX_LANGUAGE_STANDARD = "gnu++0x";
				CLANG_CXX_LIBRARY = "libc++";
				CLANG_ENABLE_MODULES = YES;
				CLANG_ENABLE_OBJC_ARC = YES;
				CLANG_WARN_BOOL_CONVERSION = YES;
				CLANG_WARN_CONSTANT_CONVERSION = YES;
				CLANG_WARN_DIRECT_OBJC_ISA_USAGE = YES_ERROR;
				CLANG_WARN_EMPTY_BODY = YES;
				CLANG_WARN_ENUM_CONVERSION = YES;
				CLANG_WARN_INT_CONVERSION = YES;
				CLANG_WARN_OBJC_ROOT_CLASS = YES_ERROR;
				CLANG_WARN__DUPLICATE_METHOD_MATCH = YES;
				"CODE_SIGN_IDENTITY[sdk=iphoneos*]" = "iPhone Developer";
				COPY_PHASE_STRIP = YES;
				ENABLE_NS_ASSERTIONS = NO;
				GCC_C_LANGUAGE_STANDARD = gnu99;
				GCC_WARN_64_TO_32_BIT_CONVERSION = YES;
				GCC_WARN_ABOUT_RETURN_TYPE = YES_ERROR;
				GCC_WARN_UNDECLARED_SELECTOR = YES;
				GCC_WARN_UNINITIALIZED_AUTOS = YES_AGGRESSIVE;
				GCC_WARN_UNUSED_FUNCTION = YES;
				GCC_WARN_UNUSED_VARIABLE = YES;
				IPHONEOS_DEPLOYMENT_TARGET = 7.1;
				SDKROOT = iphoneos;
				VALIDATE_PRODUCT = YES;
			};
			name = Release;
		};
		23121B2F1987197A009D99D8 /* Debug */ = {
			isa = XCBuildConfiguration;
			buildSettings = {
				ASSETCATALOG_COMPILER_APPICON_NAME = AppIcon;
				ASSETCATALOG_COMPILER_LAUNCHIMAGE_NAME = LaunchImage;
				GCC_PRECOMPILE_PREFIX_HEADER = YES;
				GCC_PREFIX_HEADER = "HypnoNerd/HypnoNerd-Prefix.pch";
				INFOPLIST_FILE = "HypnoNerd/HypnoNerd-Info.plist";
				PRODUCT_NAME = "$(TARGET_NAME)";
				WRAPPER_EXTENSION = app;
			};
			name = Debug;
		};
		23121B301987197A009D99D8 /* Release */ = {
			isa = XCBuildConfiguration;
			buildSettings = {
				ASSETCATALOG_COMPILER_APPICON_NAME = AppIcon;
				ASSETCATALOG_COMPILER_LAUNCHIMAGE_NAME = LaunchImage;
				GCC_PRECOMPILE_PREFIX_HEADER = YES;
				GCC_PREFIX_HEADER = "HypnoNerd/HypnoNerd-Prefix.pch";
				INFOPLIST_FILE = "HypnoNerd/HypnoNerd-Info.plist";
				PRODUCT_NAME = "$(TARGET_NAME)";
				WRAPPER_EXTENSION = app;
			};
			name = Release;
		};
		23121B321987197A009D99D8 /* Debug */ = {
			isa = XCBuildConfiguration;
			buildSettings = {
				BUNDLE_LOADER = "$(BUILT_PRODUCTS_DIR)/HypnoNerd.app/HypnoNerd";
				FRAMEWORK_SEARCH_PATHS = (
					"$(SDKROOT)/Developer/Library/Frameworks",
					"$(inherited)",
					"$(DEVELOPER_FRAMEWORKS_DIR)",
				);
				GCC_PRECOMPILE_PREFIX_HEADER = YES;
				GCC_PREFIX_HEADER = "HypnoNerd/HypnoNerd-Prefix.pch";
				GCC_PREPROCESSOR_DEFINITIONS = (
					"DEBUG=1",
					"$(inherited)",
				);
				INFOPLIST_FILE = "HypnoNerdTests/HypnoNerdTests-Info.plist";
				PRODUCT_NAME = "$(TARGET_NAME)";
				TEST_HOST = "$(BUNDLE_LOADER)";
				WRAPPER_EXTENSION = xctest;
			};
			name = Debug;
		};
		23121B331987197A009D99D8 /* Release */ = {
			isa = XCBuildConfiguration;
			buildSettings = {
				BUNDLE_LOADER = "$(BUILT_PRODUCTS_DIR)/HypnoNerd.app/HypnoNerd";
				FRAMEWORK_SEARCH_PATHS = (
					"$(SDKROOT)/Developer/Library/Frameworks",
					"$(inherited)",
					"$(DEVELOPER_FRAMEWORKS_DIR)",
				);
				GCC_PRECOMPILE_PREFIX_HEADER = YES;
				GCC_PREFIX_HEADER = "HypnoNerd/HypnoNerd-Prefix.pch";
				INFOPLIST_FILE = "HypnoNerdTests/HypnoNerdTests-Info.plist";
				PRODUCT_NAME = "$(TARGET_NAME)";
				TEST_HOST = "$(BUNDLE_LOADER)";
				WRAPPER_EXTENSION = xctest;
			};
			name = Release;
		};
/* End XCBuildConfiguration section */

/* Begin XCConfigurationList section */
		23121AFD1987197A009D99D8 /* Build configuration list for PBXProject "HypnoNerd" */ = {
			isa = XCConfigurationList;
			buildConfigurations = (
				23121B2C1987197A009D99D8 /* Debug */,
				23121B2D1987197A009D99D8 /* Release */,
			);
			defaultConfigurationIsVisible = 0;
			defaultConfigurationName = Release;
		};
		23121B2E1987197A009D99D8 /* Build configuration list for PBXNativeTarget "HypnoNerd" */ = {
			isa = XCConfigurationList;
			buildConfigurations = (
				23121B2F1987197A009D99D8 /* Debug */,
				23121B301987197A009D99D8 /* Release */,
			);
			defaultConfigurationIsVisible = 0;
		};
		23121B311987197A009D99D8 /* Build configuration list for PBXNativeTarget "HypnoNerdTests" */ = {
			isa = XCConfigurationList;
			buildConfigurations = (
				23121B321987197A009D99D8 /* Debug */,
				23121B331987197A009D99D8 /* Release */,
			);
			defaultConfigurationIsVisible = 0;
		};
/* End XCConfigurationList section */
	};
	rootObject = 23121AFA1987197A009D99D8 /* Project object */;
}
